
Microsoft Visual Studio Solution File, Format Version 12.00
# Visual Studio Version 16
VisualStudioVersion = 16.0.31727.386
MinimumVisualStudioVersion = 10.0.40219.1
Project("{FAE04EC0-301F-11D3-BF4B-00C04F79EFBC}") = "ACM2.BL", "ACM2.BL.csproj", "{F461FF48-59C9-458F-A472-A65B9C632A0A}"
EndProject
Project("{2150E333-8FDC-42A3-9474-1A3956D46DE8}") = "Tests", "Tests", "{10AFB2A7-7C06-44B1-B974-B83B13504CE8}"
EndProject
Project("{FAE04EC0-301F-11D3-BF4B-00C04F79EFBC}") = "ACM2.BLTest", "..\ACM2.BLTest\ACM2.BLTest.csproj", "{52234C48-3492-43D1-B959-7CF7390B537B}"
EndProject
Project("{FAE04EC0-301F-11D3-BF4B-00C04F79EFBC}") = "Acme.Common", "..\Acme.Common\Acme.Common.csproj", "{FCA76783-1D79-40B2-BC11-C417C71CC722}"
EndProject
Global
	GlobalSection(SolutionConfigurationPlatforms) = preSolution
		Debug|Any CPU = Debug|Any CPU
		Release|Any CPU = Release|Any CPU
	EndGlobalSection
	GlobalSection(ProjectConfigurationPlatforms) = postSolution
		{F461FF48-59C9-458F-A472-A65B9C632A0A}.Debug|Any CPU.ActiveCfg = Debug|Any CPU
		{F461FF48-59C9-458F-A472-A65B9C632A0A}.Debug|Any CPU.Build.0 = Debug|Any CPU
		{F461FF48-59C9-458F-A472-A65B9C632A0A}.Release|Any CPU.ActiveCfg = Release|Any CPU
		{F461FF48-59C9-458F-A472-A65B9C632A0A}.Release|Any CPU.Build.0 = Release|Any CPU
		{52234C48-3492-43D1-B959-7CF7390B537B}.Debug|Any CPU.ActiveCfg = Debug|Any CPU
		{52234C48-3492-43D1-B959-7CF7390B537B}.Debug|Any CPU.Build.0 = Debug|Any CPU
		{52234C48-3492-43D1-B959-7CF7390B537B}.Release|Any CPU.ActiveCfg = Release|Any CPU
		{52234C48-3492-43D1-B959-7CF7390B537B}.Release|Any CPU.Build.0 = Release|Any CPU
		{FCA76783-1D79-40B2-BC11-C417C71CC722}.Debug|Any CPU.ActiveCfg = Debug|Any CPU
		{FCA76783-1D79-40B2-BC11-C417C71CC722}.Debug|Any CPU.Build.0 = Debug|Any CPU
		{FCA76783-1D79-40B2-BC11-C417C71CC722}.Release|Any CPU.ActiveCfg = Release|Any CPU
		{FCA76783-1D79-40B2-BC11-C417C71CC722}.Release|Any CPU.Build.0 = Release|Any CPU
	EndGlobalSection
	GlobalSection(SolutionProperties) = preSolution
		HideSolutionNode = FALSE
	EndGlobalSection
	GlobalSection(NestedProjects) = preSolution
		{52234C48-3492-43D1-B959-7CF7390B537B} = {10AFB2A7-7C06-44B1-B974-B83B13504CE8}
	EndGlobalSection
	GlobalSection(ExtensibilityGlobals) = postSolution
		SolutionGuid = {DD9B7EF7-2648-46C4-82F3-E10DD5B9D759}
	EndGlobalSection
EndGlobal
